
Microsoft Visual Studio Solution File, Format Version 12.00
# Visual Studio 15
VisualStudioVersion = 15.0.28307.421
MinimumVisualStudioVersion = 10.0.40219.1
Project("{FAE04EC0-301F-11D3-BF4B-00C04F79EFBC}") = "MechLab-UVP", "MechLab-UVP\MechLab-UVP.csproj", "{13D5D02C-2EBC-4081-BEAB-D39808E7FD6C}"
EndProject
Project("{9A19103F-16F7-4668-BE54-9A1E7A4F7556}") = "MechLabLibrary", "MechLabViewModel\MechLabLibrary.csproj", "{4D435E9C-1113-4D09-9F19-541CC7D6CBEF}"
EndProject
Project("{FAE04EC0-301F-11D3-BF4B-00C04F79EFBC}") = "MechLabLibraryTest", "MechLabLibraryTest\MechLabLibraryTest.csproj", "{C5B1B894-B761-4DB7-9175-B7A9F1229AA5}"
EndProject
Global
	GlobalSection(SolutionConfigurationPlatforms) = preSolution
		Debug|Any CPU = Debug|Any CPU
		Debug|ARM = Debug|ARM
		Debug|ARM64 = Debug|ARM64
		Debug|x64 = Debug|x64
		Debug|x86 = Debug|x86
		Release|Any CPU = Release|Any CPU
		Release|ARM = Release|ARM
		Release|ARM64 = Release|ARM64
		Release|x64 = Release|x64
		Release|x86 = Release|x86
	EndGlobalSection
	GlobalSection(ProjectConfigurationPlatforms) = postSolution
		{13D5D02C-2EBC-4081-BEAB-D39808E7FD6C}.Debug|Any CPU.ActiveCfg = Debug|x86
		{13D5D02C-2EBC-4081-BEAB-D39808E7FD6C}.Debug|ARM.ActiveCfg = Debug|ARM
		{13D5D02C-2EBC-4081-BEAB-D39808E7FD6C}.Debug|ARM.Build.0 = Debug|ARM
		{13D5D02C-2EBC-4081-BEAB-D39808E7FD6C}.Debug|ARM.Deploy.0 = Debug|ARM
		{13D5D02C-2EBC-4081-BEAB-D39808E7FD6C}.Debug|ARM64.ActiveCfg = Debug|ARM64
		{13D5D02C-2EBC-4081-BEAB-D39808E7FD6C}.Debug|ARM64.Build.0 = Debug|ARM64
		{13D5D02C-2EBC-4081-BEAB-D39808E7FD6C}.Debug|ARM64.Deploy.0 = Debug|ARM64
		{13D5D02C-2EBC-4081-BEAB-D39808E7FD6C}.Debug|x64.ActiveCfg = Debug|x64
		{13D5D02C-2EBC-4081-BEAB-D39808E7FD6C}.Debug|x64.Build.0 = Debug|x64
		{13D5D02C-2EBC-4081-BEAB-D39808E7FD6C}.Debug|x64.Deploy.0 = Debug|x64
		{13D5D02C-2EBC-4081-BEAB-D39808E7FD6C}.Debug|x86.ActiveCfg = Debug|x86
		{13D5D02C-2EBC-4081-BEAB-D39808E7FD6C}.Debug|x86.Build.0 = Debug|x86
		{13D5D02C-2EBC-4081-BEAB-D39808E7FD6C}.Debug|x86.Deploy.0 = Debug|x86
		{13D5D02C-2EBC-4081-BEAB-D39808E7FD6C}.Release|Any CPU.ActiveCfg = Release|x86
		{13D5D02C-2EBC-4081-BEAB-D39808E7FD6C}.Release|ARM.ActiveCfg = Release|ARM
		{13D5D02C-2EBC-4081-BEAB-D39808E7FD6C}.Release|ARM.Build.0 = Release|ARM
		{13D5D02C-2EBC-4081-BEAB-D39808E7FD6C}.Release|ARM.Deploy.0 = Release|ARM
		{13D5D02C-2EBC-4081-BEAB-D39808E7FD6C}.Release|ARM64.ActiveCfg = Release|ARM64
		{13D5D02C-2EBC-4081-BEAB-D39808E7FD6C}.Release|ARM64.Build.0 = Release|ARM64
		{13D5D02C-2EBC-4081-BEAB-D39808E7FD6C}.Release|ARM64.Deploy.0 = Release|ARM64
		{13D5D02C-2EBC-4081-BEAB-D39808E7FD6C}.Release|x64.ActiveCfg = Release|x64
		{13D5D02C-2EBC-4081-BEAB-D39808E7FD6C}.Release|x64.Build.0 = Release|x64
		{13D5D02C-2EBC-4081-BEAB-D39808E7FD6C}.Release|x64.Deploy.0 = Release|x64
		{13D5D02C-2EBC-4081-BEAB-D39808E7FD6C}.Release|x86.ActiveCfg = Release|x86
		{13D5D02C-2EBC-4081-BEAB-D39808E7FD6C}.Release|x86.Build.0 = Release|x86
		{13D5D02C-2EBC-4081-BEAB-D39808E7FD6C}.Release|x86.Deploy.0 = Release|x86
		{4D435E9C-1113-4D09-9F19-541CC7D6CBEF}.Debug|Any CPU.ActiveCfg = Debug|Any CPU
		{4D435E9C-1113-4D09-9F19-541CC7D6CBEF}.Debug|Any CPU.Build.0 = Debug|Any CPU
		{4D435E9C-1113-4D09-9F19-541CC7D6CBEF}.Debug|ARM.ActiveCfg = Debug|Any CPU
		{4D435E9C-1113-4D09-9F19-541CC7D6CBEF}.Debug|ARM.Build.0 = Debug|Any CPU
		{4D435E9C-1113-4D09-9F19-541CC7D6CBEF}.Debug|ARM64.ActiveCfg = Debug|Any CPU
		{4D435E9C-1113-4D09-9F19-541CC7D6CBEF}.Debug|ARM64.Build.0 = Debug|Any CPU
		{4D435E9C-1113-4D09-9F19-541CC7D6CBEF}.Debug|x64.ActiveCfg = Debug|Any CPU
		{4D435E9C-1113-4D09-9F19-541CC7D6CBEF}.Debug|x64.Build.0 = Debug|Any CPU
		{4D435E9C-1113-4D09-9F19-541CC7D6CBEF}.Debug|x86.ActiveCfg = Debug|Any CPU
		{4D435E9C-1113-4D09-9F19-541CC7D6CBEF}.Debug|x86.Build.0 = Debug|Any CPU
		{4D435E9C-1113-4D09-9F19-541CC7D6CBEF}.Release|Any CPU.ActiveCfg = Release|Any CPU
		{4D435E9C-1113-4D09-9F19-541CC7D6CBEF}.Release|Any CPU.Build.0 = Release|Any CPU
		{4D435E9C-1113-4D09-9F19-541CC7D6CBEF}.Release|ARM.ActiveCfg = Release|Any CPU
		{4D435E9C-1113-4D09-9F19-541CC7D6CBEF}.Release|ARM.Build.0 = Release|Any CPU
		{4D435E9C-1113-4D09-9F19-541CC7D6CBEF}.Release|ARM64.ActiveCfg = Release|Any CPU
		{4D435E9C-1113-4D09-9F19-541CC7D6CBEF}.Release|ARM64.Build.0 = Release|Any CPU
		{4D435E9C-1113-4D09-9F19-541CC7D6CBEF}.Release|x64.ActiveCfg = Release|Any CPU
		{4D435E9C-1113-4D09-9F19-541CC7D6CBEF}.Release|x64.Build.0 = Release|Any CPU
		{4D435E9C-1113-4D09-9F19-541CC7D6CBEF}.Release|x86.ActiveCfg = Release|Any CPU
		{4D435E9C-1113-4D09-9F19-541CC7D6CBEF}.Release|x86.Build.0 = Release|Any CPU
		{C5B1B894-B761-4DB7-9175-B7A9F1229AA5}.Debug|Any CPU.ActiveCfg = Debug|Any CPU
		{C5B1B894-B761-4DB7-9175-B7A9F1229AA5}.Debug|Any CPU.Build.0 = Debug|Any CPU
		{C5B1B894-B761-4DB7-9175-B7A9F1229AA5}.Debug|ARM.ActiveCfg = Debug|Any CPU
		{C5B1B894-B761-4DB7-9175-B7A9F1229AA5}.Debug|ARM.Build.0 = Debug|Any CPU
		{C5B1B894-B761-4DB7-9175-B7A9F1229AA5}.Debug|ARM64.ActiveCfg = Debug|Any CPU
		{C5B1B894-B761-4DB7-9175-B7A9F1229AA5}.Debug|ARM64.Build.0 = Debug|Any CPU
		{C5B1B894-B761-4DB7-9175-B7A9F1229AA5}.Debug|x64.ActiveCfg = Debug|Any CPU
		{C5B1B894-B761-4DB7-9175-B7A9F1229AA5}.Debug|x64.Build.0 = Debug|Any CPU
		{C5B1B894-B761-4DB7-9175-B7A9F1229AA5}.Debug|x86.ActiveCfg = Debug|Any CPU
		{C5B1B894-B761-4DB7-9175-B7A9F1229AA5}.Debug|x86.Build.0 = Debug|Any CPU
		{C5B1B894-B761-4DB7-9175-B7A9F1229AA5}.Release|Any CPU.ActiveCfg = Release|Any CPU
		{C5B1B894-B761-4DB7-9175-B7A9F1229AA5}.Release|Any CPU.Build.0 = Release|Any CPU
		{C5B1B894-B761-4DB7-9175-B7A9F1229AA5}.Release|ARM.ActiveCfg = Release|Any CPU
		{C5B1B894-B761-4DB7-9175-B7A9F1229AA5}.Release|ARM.Build.0 = Release|Any CPU
		{C5B1B894-B761-4DB7-9175-B7A9F1229AA5}.Release|ARM64.ActiveCfg = Release|Any CPU
		{C5B1B894-B761-4DB7-9175-B7A9F1229AA5}.Release|ARM64.Build.0 = Release|Any CPU
		{C5B1B894-B761-4DB7-9175-B7A9F1229AA5}.Release|x64.ActiveCfg = Release|Any CPU
		{C5B1B894-B761-4DB7-9175-B7A9F1229AA5}.Release|x64.Build.0 = Release|Any CPU
		{C5B1B894-B761-4DB7-9175-B7A9F1229AA5}.Release|x86.ActiveCfg = Release|Any CPU
		{C5B1B894-B761-4DB7-9175-B7A9F1229AA5}.Release|x86.Build.0 = Release|Any CPU
	EndGlobalSection
	GlobalSection(SolutionProperties) = preSolution
		HideSolutionNode = FALSE
	EndGlobalSection
	GlobalSection(ExtensibilityGlobals) = postSolution
		SolutionGuid = {D6205DA1-D1E8-44BF-83F9-741F9CB21102}
	EndGlobalSection
EndGlobal
